
Microsoft Visual Studio Solution File, Format Version 12.00
# Visual Studio Version 17
VisualStudioVersion = 17.12.35309.182
MinimumVisualStudioVersion = 10.0.40219.1
Project("{FAE04EC0-301F-11D3-BF4B-00C04F79EFBC}") = "WindowsFormsApp1", "WindowsFormsApp1\WindowsFormsApp1.csproj", "{4E6C21A8-8A0C-4B51-847A-A2F9D438EFB0}"
EndProject
Project("{2150E333-8FDC-42A3-9474-1A3956D46DE8}") = "Solution Items", "Solution Items", "{9FCCAA9B-2A14-47B1-8178-8F94AE24AD6E}"
	ProjectSection(SolutionItems) = preProject
		Class1.cs = Class1.cs
	EndProjectSection
EndProject
Global
	GlobalSection(SolutionConfigurationPlatforms) = preSolution
		Debug|Any CPU = Debug|Any CPU
		Release|Any CPU = Release|Any CPU
	EndGlobalSection
	GlobalSection(ProjectConfigurationPlatforms) = postSolution
		{4E6C21A8-8A0C-4B51-847A-A2F9D438EFB0}.Debug|Any CPU.ActiveCfg = Debug|Any CPU
		{4E6C21A8-8A0C-4B51-847A-A2F9D438EFB0}.Debug|Any CPU.Build.0 = Debug|Any CPU
		{4E6C21A8-8A0C-4B51-847A-A2F9D438EFB0}.Release|Any CPU.ActiveCfg = Release|Any CPU
		{4E6C21A8-8A0C-4B51-847A-A2F9D438EFB0}.Release|Any CPU.Build.0 = Release|Any CPU
	EndGlobalSection
	GlobalSection(SolutionProperties) = preSolution
		HideSolutionNode = FALSE
	EndGlobalSection
	GlobalSection(ExtensibilityGlobals) = postSolution
		SolutionGuid = {740A01BA-3790-4DCF-B2EA-7B4213E72A76}
	EndGlobalSection
EndGlobal
